
Microsoft Visual Studio Solution File, Format Version 12.00
# Visual Studio 15
VisualStudioVersion = 15.0.27130.2024
MinimumVisualStudioVersion = 10.0.40219.1
Project("{9A19103F-16F7-4668-BE54-9A1E7A4F7556}") = "CsprojScan.Contracts", "CsprojScan.Contracts\CsprojScan.Contracts.csproj", "{B370A274-C26B-4617-8857-5767DE3B3D85}"
EndProject
Project("{9A19103F-16F7-4668-BE54-9A1E7A4F7556}") = "CsprojScan.Implementation", "CsprojScan.Implementation\CsprojScan.Implementation.csproj", "{E1D758EC-9326-4288-A310-517EAC117107}"
EndProject
Project("{9A19103F-16F7-4668-BE54-9A1E7A4F7556}") = "CsprojScan.DependencyInjection", "CsprojScan.DependencyInjection\CsprojScan.DependencyInjection.csproj", "{84D6B79D-743E-4321-9949-1E4615F77CF8}"
EndProject
Project("{9A19103F-16F7-4668-BE54-9A1E7A4F7556}") = "CsprojScan.Console", "CsprojScan.Console\CsprojScan.Console.csproj", "{47B0AAE9-77CD-4C79-B2E9-218924C99059}"
EndProject
Global
	GlobalSection(SolutionConfigurationPlatforms) = preSolution
		Debug|Any CPU = Debug|Any CPU
		Release|Any CPU = Release|Any CPU
	EndGlobalSection
	GlobalSection(ProjectConfigurationPlatforms) = postSolution
		{B370A274-C26B-4617-8857-5767DE3B3D85}.Debug|Any CPU.ActiveCfg = Debug|Any CPU
		{B370A274-C26B-4617-8857-5767DE3B3D85}.Debug|Any CPU.Build.0 = Debug|Any CPU
		{B370A274-C26B-4617-8857-5767DE3B3D85}.Release|Any CPU.ActiveCfg = Release|Any CPU
		{B370A274-C26B-4617-8857-5767DE3B3D85}.Release|Any CPU.Build.0 = Release|Any CPU
		{E1D758EC-9326-4288-A310-517EAC117107}.Debug|Any CPU.ActiveCfg = Debug|Any CPU
		{E1D758EC-9326-4288-A310-517EAC117107}.Debug|Any CPU.Build.0 = Debug|Any CPU
		{E1D758EC-9326-4288-A310-517EAC117107}.Release|Any CPU.ActiveCfg = Release|Any CPU
		{E1D758EC-9326-4288-A310-517EAC117107}.Release|Any CPU.Build.0 = Release|Any CPU
		{84D6B79D-743E-4321-9949-1E4615F77CF8}.Debug|Any CPU.ActiveCfg = Debug|Any CPU
		{84D6B79D-743E-4321-9949-1E4615F77CF8}.Debug|Any CPU.Build.0 = Debug|Any CPU
		{84D6B79D-743E-4321-9949-1E4615F77CF8}.Release|Any CPU.ActiveCfg = Release|Any CPU
		{84D6B79D-743E-4321-9949-1E4615F77CF8}.Release|Any CPU.Build.0 = Release|Any CPU
		{47B0AAE9-77CD-4C79-B2E9-218924C99059}.Debug|Any CPU.ActiveCfg = Debug|Any CPU
		{47B0AAE9-77CD-4C79-B2E9-218924C99059}.Debug|Any CPU.Build.0 = Debug|Any CPU
		{47B0AAE9-77CD-4C79-B2E9-218924C99059}.Release|Any CPU.ActiveCfg = Release|Any CPU
		{47B0AAE9-77CD-4C79-B2E9-218924C99059}.Release|Any CPU.Build.0 = Release|Any CPU
	EndGlobalSection
	GlobalSection(SolutionProperties) = preSolution
		HideSolutionNode = FALSE
	EndGlobalSection
	GlobalSection(ExtensibilityGlobals) = postSolution
		SolutionGuid = {9506384D-386B-4BB0-AF57-96C93116CFCE}
	EndGlobalSection
EndGlobal
